// !$*UTF8*$!
{
	archiveVersion = 1;
	classes = {
	};
	objectVersion = 77;
	objects = {

/* Begin PBXContainerItemProxy section */
		E7A6D53E2CC3AE1D00702EF5 /* PBXContainerItemProxy */ = {
			isa = PBXContainerItemProxy;
			containerPortal = E7E1F47F2CB7051000F5E3BB /* Project object */;
			proxyType = 1;
			remoteGlobalIDString = E7E1F4862CB7051000F5E3BB;
			remoteInfo = NoBadWeather;
		};
		E7E1F4982CB7051200F5E3BB /* PBXContainerItemProxy */ = {
			isa = PBXContainerItemProxy;
			containerPortal = E7E1F47F2CB7051000F5E3BB /* Project object */;
			proxyType = 1;
			remoteGlobalIDString = E7E1F4862CB7051000F5E3BB;
			remoteInfo = NoBadWeather;
		};
		E7E1F4A22CB7051200F5E3BB /* PBXContainerItemProxy */ = {
			isa = PBXContainerItemProxy;
			containerPortal = E7E1F47F2CB7051000F5E3BB /* Project object */;
			proxyType = 1;
			remoteGlobalIDString = E7E1F4862CB7051000F5E3BB;
			remoteInfo = NoBadWeather;
		};
/* End PBXContainerItemProxy section */

/* Begin PBXFileReference section */
		E7A6D53A2CC3AE1C00702EF5 /* OutfitManagerTests.xctest */ = {isa = PBXFileReference; explicitFileType = wrapper.cfbundle; includeInIndex = 0; path = OutfitManagerTests.xctest; sourceTree = BUILT_PRODUCTS_DIR; };
		E7E1F4872CB7051000F5E3BB /* NoBadWeather.app */ = {isa = PBXFileReference; explicitFileType = wrapper.application; includeInIndex = 0; path = NoBadWeather.app; sourceTree = BUILT_PRODUCTS_DIR; };
		E7E1F4972CB7051200F5E3BB /* NoBadWeatherTests.xctest */ = {isa = PBXFileReference; explicitFileType = wrapper.cfbundle; includeInIndex = 0; path = NoBadWeatherTests.xctest; sourceTree = BUILT_PRODUCTS_DIR; };
		E7E1F4A12CB7051200F5E3BB /* NoBadWeatherUITests.xctest */ = {isa = PBXFileReference; explicitFileType = wrapper.cfbundle; includeInIndex = 0; path = NoBadWeatherUITests.xctest; sourceTree = BUILT_PRODUCTS_DIR; };
/* End PBXFileReference section */

/* Begin PBXFileSystemSynchronizedBuildFileExceptionSet section */
		E7159E612CC3BCA400973912 /* Exceptions for "NoBadWeather" folder in "NoBadWeatherTests" target */ = {
			isa = PBXFileSystemSynchronizedBuildFileExceptionSet;
			membershipExceptions = (
				WeatherData.json,
			);
			target = E7E1F4962CB7051200F5E3BB /* NoBadWeatherTests */;
		};
		E7159E622CC3BCA400973912 /* Exceptions for "NoBadWeather" folder in "OutfitManagerTests" target */ = {
			isa = PBXFileSystemSynchronizedBuildFileExceptionSet;
			membershipExceptions = (
				WeatherData.json,
			);
			target = E7A6D5392CC3AE1C00702EF5 /* OutfitManagerTests */;
		};
/* End PBXFileSystemSynchronizedBuildFileExceptionSet section */

/* Begin PBXFileSystemSynchronizedRootGroup section */
		E7A6D53B2CC3AE1C00702EF5 /* OutfitManagerTests */ = {
			isa = PBXFileSystemSynchronizedRootGroup;
			path = OutfitManagerTests;
			sourceTree = "<group>";
		};
		E7E1F4892CB7051000F5E3BB /* NoBadWeather */ = {
			isa = PBXFileSystemSynchronizedRootGroup;
			exceptions = (
				E7159E612CC3BCA400973912 /* Exceptions for "NoBadWeather" folder in "NoBadWeatherTests" target */,
				E7159E622CC3BCA400973912 /* Exceptions for "NoBadWeather" folder in "OutfitManagerTests" target */,
			);
			explicitFileTypes = {
				WeatherData.json = text.json;
			};
			path = NoBadWeather;
			sourceTree = "<group>";
		};
		E7E1F49A2CB7051200F5E3BB /* NoBadWeatherTests */ = {
			isa = PBXFileSystemSynchronizedRootGroup;
			path = NoBadWeatherTests;
			sourceTree = "<group>";
		};
		E7E1F4A42CB7051200F5E3BB /* NoBadWeatherUITests */ = {
			isa = PBXFileSystemSynchronizedRootGroup;
			path = NoBadWeatherUITests;
			sourceTree = "<group>";
		};
/* End PBXFileSystemSynchronizedRootGroup section */

/* Begin PBXFrameworksBuildPhase section */
		E7A6D5372CC3AE1C00702EF5 /* Frameworks */ = {
			isa = PBXFrameworksBuildPhase;
			buildActionMask = 2147483647;
			files = (
			);
			runOnlyForDeploymentPostprocessing = 0;
		};
		E7E1F4842CB7051000F5E3BB /* Frameworks */ = {
			isa = PBXFrameworksBuildPhase;
			buildActionMask = 2147483647;
			files = (
			);
			runOnlyForDeploymentPostprocessing = 0;
		};
		E7E1F4942CB7051200F5E3BB /* Frameworks */ = {
			isa = PBXFrameworksBuildPhase;
			buildActionMask = 2147483647;
			files = (
			);
			runOnlyForDeploymentPostprocessing = 0;
		};
		E7E1F49E2CB7051200F5E3BB /* Frameworks */ = {
			isa = PBXFrameworksBuildPhase;
			buildActionMask = 2147483647;
			files = (
			);
			runOnlyForDeploymentPostprocessing = 0;
		};
/* End PBXFrameworksBuildPhase section */

/* Begin PBXGroup section */
		E7E1F47E2CB7051000F5E3BB = {
			isa = PBXGroup;
			children = (
				E7E1F4892CB7051000F5E3BB /* NoBadWeather */,
				E7E1F49A2CB7051200F5E3BB /* NoBadWeatherTests */,
				E7E1F4A42CB7051200F5E3BB /* NoBadWeatherUITests */,
				E7A6D53B2CC3AE1C00702EF5 /* OutfitManagerTests */,
				E7E1F4882CB7051000F5E3BB /* Products */,
			);
			sourceTree = "<group>";
		};
		E7E1F4882CB7051000F5E3BB /* Products */ = {
			isa = PBXGroup;
			children = (
				E7E1F4872CB7051000F5E3BB /* NoBadWeather.app */,
				E7E1F4972CB7051200F5E3BB /* NoBadWeatherTests.xctest */,
				E7E1F4A12CB7051200F5E3BB /* NoBadWeatherUITests.xctest */,
				E7A6D53A2CC3AE1C00702EF5 /* OutfitManagerTests.xctest */,
			);
			name = Products;
			sourceTree = "<group>";
		};
/* End PBXGroup section */

/* Begin PBXNativeTarget section */
		E7A6D5392CC3AE1C00702EF5 /* OutfitManagerTests */ = {
			isa = PBXNativeTarget;
			buildConfigurationList = E7A6D5402CC3AE1D00702EF5 /* Build configuration list for PBXNativeTarget "OutfitManagerTests" */;
			buildPhases = (
				E7A6D5362CC3AE1C00702EF5 /* Sources */,
				E7A6D5372CC3AE1C00702EF5 /* Frameworks */,
				E7A6D5382CC3AE1C00702EF5 /* Resources */,
			);
			buildRules = (
			);
			dependencies = (
				E7A6D53F2CC3AE1D00702EF5 /* PBXTargetDependency */,
			);
			fileSystemSynchronizedGroups = (
				E7A6D53B2CC3AE1C00702EF5 /* OutfitManagerTests */,
			);
			name = OutfitManagerTests;
			packageProductDependencies = (
			);
			productName = OutfitManagerTests;
			productReference = E7A6D53A2CC3AE1C00702EF5 /* OutfitManagerTests.xctest */;
			productType = "com.apple.product-type.bundle.unit-test";
		};
		E7E1F4862CB7051000F5E3BB /* NoBadWeather */ = {
			isa = PBXNativeTarget;
			buildConfigurationList = E7E1F4AB2CB7051200F5E3BB /* Build configuration list for PBXNativeTarget "NoBadWeather" */;
			buildPhases = (
				E7E1F4832CB7051000F5E3BB /* Sources */,
				E7E1F4842CB7051000F5E3BB /* Frameworks */,
				E7E1F4852CB7051000F5E3BB /* Resources */,
			);
			buildRules = (
			);
			dependencies = (
			);
			fileSystemSynchronizedGroups = (
				E7E1F4892CB7051000F5E3BB /* NoBadWeather */,
			);
			name = NoBadWeather;
			packageProductDependencies = (
			);
			productName = NoBadWeather;
			productReference = E7E1F4872CB7051000F5E3BB /* NoBadWeather.app */;
			productType = "com.apple.product-type.application";
		};
		E7E1F4962CB7051200F5E3BB /* NoBadWeatherTests */ = {
			isa = PBXNativeTarget;
			buildConfigurationList = E7E1F4AE2CB7051200F5E3BB /* Build configuration list for PBXNativeTarget "NoBadWeatherTests" */;
			buildPhases = (
				E7E1F4932CB7051200F5E3BB /* Sources */,
				E7E1F4942CB7051200F5E3BB /* Frameworks */,
				E7E1F4952CB7051200F5E3BB /* Resources */,
			);
			buildRules = (
			);
			dependencies = (
				E7E1F4992CB7051200F5E3BB /* PBXTargetDependency */,
			);
			fileSystemSynchronizedGroups = (
				E7E1F49A2CB7051200F5E3BB /* NoBadWeatherTests */,
			);
			name = NoBadWeatherTests;
			packageProductDependencies = (
			);
			productName = NoBadWeatherTests;
			productReference = E7E1F4972CB7051200F5E3BB /* NoBadWeatherTests.xctest */;
			productType = "com.apple.product-type.bundle.unit-test";
		};
		E7E1F4A02CB7051200F5E3BB /* NoBadWeatherUITests */ = {
			isa = PBXNativeTarget;
			buildConfigurationList = E7E1F4B12CB7051200F5E3BB /* Build configuration list for PBXNativeTarget "NoBadWeatherUITests" */;
			buildPhases = (
				E7E1F49D2CB7051200F5E3BB /* Sources */,
				E7E1F49E2CB7051200F5E3BB /* Frameworks */,
				E7E1F49F2CB7051200F5E3BB /* Resources */,
			);
			buildRules = (
			);
			dependencies = (
				E7E1F4A32CB7051200F5E3BB /* PBXTargetDependency */,
			);
			fileSystemSynchronizedGroups = (
				E7E1F4A42CB7051200F5E3BB /* NoBadWeatherUITests */,
			);
			name = NoBadWeatherUITests;
			packageProductDependencies = (
			);
			productName = NoBadWeatherUITests;
			productReference = E7E1F4A12CB7051200F5E3BB /* NoBadWeatherUITests.xctest */;
			productType = "com.apple.product-type.bundle.ui-testing";
		};
/* End PBXNativeTarget section */

/* Begin PBXProject section */
		E7E1F47F2CB7051000F5E3BB /* Project object */ = {
			isa = PBXProject;
			attributes = {
				BuildIndependentTargetsInParallel = 1;
				LastSwiftUpdateCheck = 1600;
				LastUpgradeCheck = 1600;
				TargetAttributes = {
					E7A6D5392CC3AE1C00702EF5 = {
						CreatedOnToolsVersion = 16.0;
						TestTargetID = E7E1F4862CB7051000F5E3BB;
					};
					E7E1F4862CB7051000F5E3BB = {
						CreatedOnToolsVersion = 16.0;
					};
					E7E1F4962CB7051200F5E3BB = {
						CreatedOnToolsVersion = 16.0;
						TestTargetID = E7E1F4862CB7051000F5E3BB;
					};
					E7E1F4A02CB7051200F5E3BB = {
						CreatedOnToolsVersion = 16.0;
						TestTargetID = E7E1F4862CB7051000F5E3BB;
					};
				};
			};
			buildConfigurationList = E7E1F4822CB7051000F5E3BB /* Build configuration list for PBXProject "NoBadWeather" */;
			developmentRegion = en;
			hasScannedForEncodings = 0;
			knownRegions = (
				en,
				Base,
			);
			mainGroup = E7E1F47E2CB7051000F5E3BB;
			minimizedProjectReferenceProxies = 1;
			preferredProjectObjectVersion = 77;
			productRefGroup = E7E1F4882CB7051000F5E3BB /* Products */;
			projectDirPath = "";
			projectRoot = "";
			targets = (
				E7E1F4862CB7051000F5E3BB /* NoBadWeather */,
				E7E1F4962CB7051200F5E3BB /* NoBadWeatherTests */,
				E7E1F4A02CB7051200F5E3BB /* NoBadWeatherUITests */,
				E7A6D5392CC3AE1C00702EF5 /* OutfitManagerTests */,
			);
		};
/* End PBXProject section */

/* Begin PBXResourcesBuildPhase section */
		E7A6D5382CC3AE1C00702EF5 /* Resources */ = {
			isa = PBXResourcesBuildPhase;
			buildActionMask = 2147483647;
			files = (
			);
			runOnlyForDeploymentPostprocessing = 0;
		};
		E7E1F4852CB7051000F5E3BB /* Resources */ = {
			isa = PBXResourcesBuildPhase;
			buildActionMask = 2147483647;
			files = (
			);
			runOnlyForDeploymentPostprocessing = 0;
		};
		E7E1F4952CB7051200F5E3BB /* Resources */ = {
			isa = PBXResourcesBuildPhase;
			buildActionMask = 2147483647;
			files = (
			);
			runOnlyForDeploymentPostprocessing = 0;
		};
		E7E1F49F2CB7051200F5E3BB /* Resources */ = {
			isa = PBXResourcesBuildPhase;
			buildActionMask = 2147483647;
			files = (
			);
			runOnlyForDeploymentPostprocessing = 0;
		};
/* End PBXResourcesBuildPhase section */

/* Begin PBXSourcesBuildPhase section */
		E7A6D5362CC3AE1C00702EF5 /* Sources */ = {
			isa = PBXSourcesBuildPhase;
			buildActionMask = 2147483647;
			files = (
			);
			runOnlyForDeploymentPostprocessing = 0;
		};
		E7E1F4832CB7051000F5E3BB /* Sources */ = {
			isa = PBXSourcesBuildPhase;
			buildActionMask = 2147483647;
			files = (
			);
			runOnlyForDeploymentPostprocessing = 0;
		};
		E7E1F4932CB7051200F5E3BB /* Sources */ = {
			isa = PBXSourcesBuildPhase;
			buildActionMask = 2147483647;
			files = (
			);
			runOnlyForDeploymentPostprocessing = 0;
		};
		E7E1F49D2CB7051200F5E3BB /* Sources */ = {
			isa = PBXSourcesBuildPhase;
			buildActionMask = 2147483647;
			files = (
			);
			runOnlyForDeploymentPostprocessing = 0;
		};
/* End PBXSourcesBuildPhase section */

/* Begin PBXTargetDependency section */
		E7A6D53F2CC3AE1D00702EF5 /* PBXTargetDependency */ = {
			isa = PBXTargetDependency;
			target = E7E1F4862CB7051000F5E3BB /* NoBadWeather */;
			targetProxy = E7A6D53E2CC3AE1D00702EF5 /* PBXContainerItemProxy */;
		};
		E7E1F4992CB7051200F5E3BB /* PBXTargetDependency */ = {
			isa = PBXTargetDependency;
			target = E7E1F4862CB7051000F5E3BB /* NoBadWeather */;
			targetProxy = E7E1F4982CB7051200F5E3BB /* PBXContainerItemProxy */;
		};
		E7E1F4A32CB7051200F5E3BB /* PBXTargetDependency */ = {
			isa = PBXTargetDependency;
			target = E7E1F4862CB7051000F5E3BB /* NoBadWeather */;
			targetProxy = E7E1F4A22CB7051200F5E3BB /* PBXContainerItemProxy */;
		};
/* End PBXTargetDependency section */

/* Begin XCBuildConfiguration section */
		E7A6D5412CC3AE1D00702EF5 /* Debug */ = {
			isa = XCBuildConfiguration;
			buildSettings = {
				BUNDLE_LOADER = "$(TEST_HOST)";
				CODE_SIGN_STYLE = Automatic;
				CURRENT_PROJECT_VERSION = 1;
				GENERATE_INFOPLIST_FILE = YES;
				MARKETING_VERSION = 1.0;
				PRODUCT_BUNDLE_IDENTIFIER = pxa.OutfitManagerTests;
				PRODUCT_NAME = "$(TARGET_NAME)";
				SWIFT_EMIT_LOC_STRINGS = NO;
				SWIFT_VERSION = 5.0;
				TARGETED_DEVICE_FAMILY = "1,2";
				TEST_HOST = "$(BUILT_PRODUCTS_DIR)/NoBadWeather.app/$(BUNDLE_EXECUTABLE_FOLDER_PATH)/NoBadWeather";
			};
			name = Debug;
		};
		E7A6D5422CC3AE1D00702EF5 /* Release */ = {
			isa = XCBuildConfiguration;
			buildSettings = {
				BUNDLE_LOADER = "$(TEST_HOST)";
				CODE_SIGN_STYLE = Automatic;
				CURRENT_PROJECT_VERSION = 1;
				GENERATE_INFOPLIST_FILE = YES;
				MARKETING_VERSION = 1.0;
				PRODUCT_BUNDLE_IDENTIFIER = pxa.OutfitManagerTests;
				PRODUCT_NAME = "$(TARGET_NAME)";
				SWIFT_EMIT_LOC_STRINGS = NO;
				SWIFT_VERSION = 5.0;
				TARGETED_DEVICE_FAMILY = "1,2";
				TEST_HOST = "$(BUILT_PRODUCTS_DIR)/NoBadWeather.app/$(BUNDLE_EXECUTABLE_FOLDER_PATH)/NoBadWeather";
			};
			name = Release;
		};
		E7E1F4A92CB7051200F5E3BB /* Debug */ = {
			isa = XCBuildConfiguration;
			buildSettings = {
				ALWAYS_SEARCH_USER_PATHS = NO;
				ASSETCATALOG_COMPILER_GENERATE_SWIFT_ASSET_SYMBOL_EXTENSIONS = YES;
				CLANG_ANALYZER_NONNULL = YES;
				CLANG_ANALYZER_NUMBER_OBJECT_CONVERSION = YES_AGGRESSIVE;
				CLANG_CXX_LANGUAGE_STANDARD = "gnu++20";
				CLANG_ENABLE_MODULES = YES;
				CLANG_ENABLE_OBJC_ARC = YES;
				CLANG_ENABLE_OBJC_WEAK = YES;
				CLANG_WARN_BLOCK_CAPTURE_AUTORELEASING = YES;
				CLANG_WARN_BOOL_CONVERSION = YES;
				CLANG_WARN_COMMA = YES;
				CLANG_WARN_CONSTANT_CONVERSION = YES;
				CLANG_WARN_DEPRECATED_OBJC_IMPLEMENTATIONS = YES;
				CLANG_WARN_DIRECT_OBJC_ISA_USAGE = YES_ERROR;
				CLANG_WARN_DOCUMENTATION_COMMENTS = YES;
				CLANG_WARN_EMPTY_BODY = YES;
				CLANG_WARN_ENUM_CONVERSION = YES;
				CLANG_WARN_INFINITE_RECURSION = YES;
				CLANG_WARN_INT_CONVERSION = YES;
				CLANG_WARN_NON_LITERAL_NULL_CONVERSION = YES;
				CLANG_WARN_OBJC_IMPLICIT_RETAIN_SELF = YES;
				CLANG_WARN_OBJC_LITERAL_CONVERSION = YES;
				CLANG_WARN_OBJC_ROOT_CLASS = YES_ERROR;
				CLANG_WARN_QUOTED_INCLUDE_IN_FRAMEWORK_HEADER = YES;
				CLANG_WARN_RANGE_LOOP_ANALYSIS = YES;
				CLANG_WARN_STRICT_PROTOTYPES = YES;
				CLANG_WARN_SUSPICIOUS_MOVE = YES;
				CLANG_WARN_UNGUARDED_AVAILABILITY = YES_AGGRESSIVE;
				CLANG_WARN_UNREACHABLE_CODE = YES;
				CLANG_WARN__DUPLICATE_METHOD_MATCH = YES;
				COPY_PHASE_STRIP = NO;
				DEBUG_INFORMATION_FORMAT = dwarf;
				ENABLE_STRICT_OBJC_MSGSEND = YES;
				ENABLE_TESTABILITY = YES;
				ENABLE_USER_SCRIPT_SANDBOXING = YES;
				GCC_C_LANGUAGE_STANDARD = gnu17;
				GCC_DYNAMIC_NO_PIC = NO;
				GCC_NO_COMMON_BLOCKS = YES;
				GCC_OPTIMIZATION_LEVEL = 0;
				GCC_PREPROCESSOR_DEFINITIONS = (
					"DEBUG=1",
					"$(inherited)",
				);
				GCC_WARN_64_TO_32_BIT_CONVERSION = YES;
				GCC_WARN_ABOUT_RETURN_TYPE = YES_ERROR;
				GCC_WARN_UNDECLARED_SELECTOR = YES;
				GCC_WARN_UNINITIALIZED_AUTOS = YES_AGGRESSIVE;
				GCC_WARN_UNUSED_FUNCTION = YES;
				GCC_WARN_UNUSED_VARIABLE = YES;
				IPHONEOS_DEPLOYMENT_TARGET = 18.0;
				LOCALIZATION_PREFERS_STRING_CATALOGS = YES;
				MTL_ENABLE_DEBUG_INFO = INCLUDE_SOURCE;
				MTL_FAST_MATH = YES;
				ONLY_ACTIVE_ARCH = YES;
				SDKROOT = iphoneos;
				SWIFT_ACTIVE_COMPILATION_CONDITIONS = "DEBUG $(inherited)";
				SWIFT_OPTIMIZATION_LEVEL = "-Onone";
			};
			name = Debug;
		};
		E7E1F4AA2CB7051200F5E3BB /* Release */ = {
			isa = XCBuildConfiguration;
			buildSettings = {
				ALWAYS_SEARCH_USER_PATHS = NO;
				ASSETCATALOG_COMPILER_GENERATE_SWIFT_ASSET_SYMBOL_EXTENSIONS = YES;
				CLANG_ANALYZER_NONNULL = YES;
				CLANG_ANALYZER_NUMBER_OBJECT_CONVERSION = YES_AGGRESSIVE;
				CLANG_CXX_LANGUAGE_STANDARD = "gnu++20";
				CLANG_ENABLE_MODULES = YES;
				CLANG_ENABLE_OBJC_ARC = YES;
				CLANG_ENABLE_OBJC_WEAK = YES;
				CLANG_WARN_BLOCK_CAPTURE_AUTORELEASING = YES;
				CLANG_WARN_BOOL_CONVERSION = YES;
				CLANG_WARN_COMMA = YES;
				CLANG_WARN_CONSTANT_CONVERSION = YES;
				CLANG_WARN_DEPRECATED_OBJC_IMPLEMENTATIONS = YES;
				CLANG_WARN_DIRECT_OBJC_ISA_USAGE = YES_ERROR;
				CLANG_WARN_DOCUMENTATION_COMMENTS = YES;
				CLANG_WARN_EMPTY_BODY = YES;
				CLANG_WARN_ENUM_CONVERSION = YES;
				CLANG_WARN_INFINITE_RECURSION = YES;
				CLANG_WARN_INT_CONVERSION = YES;
				CLANG_WARN_NON_LITERAL_NULL_CONVERSION = YES;
				CLANG_WARN_OBJC_IMPLICIT_RETAIN_SELF = YES;
				CLANG_WARN_OBJC_LITERAL_CONVERSION = YES;
				CLANG_WARN_OBJC_ROOT_CLASS = YES_ERROR;
				CLANG_WARN_QUOTED_INCLUDE_IN_FRAMEWORK_HEADER = YES;
				CLANG_WARN_RANGE_LOOP_ANALYSIS = YES;
				CLANG_WARN_STRICT_PROTOTYPES = YES;
				CLANG_WARN_SUSPICIOUS_MOVE = YES;
				CLANG_WARN_UNGUARDED_AVAILABILITY = YES_AGGRESSIVE;
				CLANG_WARN_UNREACHABLE_CODE = YES;
				CLANG_WARN__DUPLICATE_METHOD_MATCH = YES;
				COPY_PHASE_STRIP = NO;
				DEBUG_INFORMATION_FORMAT = "dwarf-with-dsym";
				ENABLE_NS_ASSERTIONS = NO;
				ENABLE_STRICT_OBJC_MSGSEND = YES;
				ENABLE_USER_SCRIPT_SANDBOXING = YES;
				GCC_C_LANGUAGE_STANDARD = gnu17;
				GCC_NO_COMMON_BLOCKS = YES;
				GCC_WARN_64_TO_32_BIT_CONVERSION = YES;
				GCC_WARN_ABOUT_RETURN_TYPE = YES_ERROR;
				GCC_WARN_UNDECLARED_SELECTOR = YES;
				GCC_WARN_UNINITIALIZED_AUTOS = YES_AGGRESSIVE;
				GCC_WARN_UNUSED_FUNCTION = YES;
				GCC_WARN_UNUSED_VARIABLE = YES;
				IPHONEOS_DEPLOYMENT_TARGET = 18.0;
				LOCALIZATION_PREFERS_STRING_CATALOGS = YES;
				MTL_ENABLE_DEBUG_INFO = NO;
				MTL_FAST_MATH = YES;
				SDKROOT = iphoneos;
				SWIFT_COMPILATION_MODE = wholemodule;
				VALIDATE_PRODUCT = YES;
			};
			name = Release;
		};
		E7E1F4AC2CB7051200F5E3BB /* Debug */ = {
			isa = XCBuildConfiguration;
			buildSettings = {
				ASSETCATALOG_COMPILER_APPICON_NAME = AppIcon;
				ASSETCATALOG_COMPILER_GLOBAL_ACCENT_COLOR_NAME = AccentColor;
				CODE_SIGN_STYLE = Automatic;
				CURRENT_PROJECT_VERSION = 1;
				DEVELOPMENT_ASSET_PATHS = "\"NoBadWeather/Preview Content\"";
				DEVELOPMENT_TEAM = 7NFK3PG345;
				ENABLE_PREVIEWS = YES;
				GENERATE_INFOPLIST_FILE = YES;
				INFOPLIST_KEY_UIApplicationSceneManifest_Generation = YES;
				INFOPLIST_KEY_UIApplicationSupportsIndirectInputEvents = YES;
				INFOPLIST_KEY_UILaunchScreen_Generation = YES;
				INFOPLIST_KEY_UISupportedInterfaceOrientations_iPad = "UIInterfaceOrientationPortrait UIInterfaceOrientationPortraitUpsideDown UIInterfaceOrientationLandscapeLeft UIInterfaceOrientationLandscapeRight";
				INFOPLIST_KEY_UISupportedInterfaceOrientations_iPhone = "UIInterfaceOrientationPortrait UIInterfaceOrientationLandscapeLeft UIInterfaceOrientationLandscapeRight";
				LD_RUNPATH_SEARCH_PATHS = (
					"$(inherited)",
					"@executable_path/Frameworks",
				);
				MARKETING_VERSION = 1.0;
				PRODUCT_BUNDLE_IDENTIFIER = pxa.NoBadWeather;
				PRODUCT_NAME = "$(TARGET_NAME)";
				SWIFT_EMIT_LOC_STRINGS = YES;
				SWIFT_VERSION = 5.0;
				TARGETED_DEVICE_FAMILY = "1,2";
			};
			name = Debug;
		};
		E7E1F4AD2CB7051200F5E3BB /* Release */ = {
			isa = XCBuildConfiguration;
			buildSettings = {
				ASSETCATALOG_COMPILER_APPICON_NAME = AppIcon;
				ASSETCATALOG_COMPILER_GLOBAL_ACCENT_COLOR_NAME = AccentColor;
				CODE_SIGN_STYLE = Automatic;
				CURRENT_PROJECT_VERSION = 1;
				DEVELOPMENT_ASSET_PATHS = "\"NoBadWeather/Preview Content\"";
				DEVELOPMENT_TEAM = 7NFK3PG345;
				ENABLE_PREVIEWS = YES;
				GENERATE_INFOPLIST_FILE = YES;
				INFOPLIST_KEY_UIApplicationSceneManifest_Generation = YES;
				INFOPLIST_KEY_UIApplicationSupportsIndirectInputEvents = YES;
				INFOPLIST_KEY_UILaunchScreen_Generation = YES;
				INFOPLIST_KEY_UISupportedInterfaceOrientations_iPad = "UIInterfaceOrientationPortrait UIInterfaceOrientationPortraitUpsideDown UIInterfaceOrientationLandscapeLeft UIInterfaceOrientationLandscapeRight";
				INFOPLIST_KEY_UISupportedInterfaceOrientations_iPhone = "UIInterfaceOrientationPortrait UIInterfaceOrientationLandscapeLeft UIInterfaceOrientationLandscapeRight";
				LD_RUNPATH_SEARCH_PATHS = (
					"$(inherited)",
					"@executable_path/Frameworks",
				);
				MARKETING_VERSION = 1.0;
				PRODUCT_BUNDLE_IDENTIFIER = pxa.NoBadWeather;
				PRODUCT_NAME = "$(TARGET_NAME)";
				SWIFT_EMIT_LOC_STRINGS = YES;
				SWIFT_VERSION = 5.0;
				TARGETED_DEVICE_FAMILY = "1,2";
			};
			name = Release;
		};
		E7E1F4AF2CB7051200F5E3BB /* Debug */ = {
			isa = XCBuildConfiguration;
			buildSettings = {
				BUNDLE_LOADER = "$(TEST_HOST)";
				CODE_SIGN_STYLE = Automatic;
				CURRENT_PROJECT_VERSION = 1;
				GENERATE_INFOPLIST_FILE = YES;
				IPHONEOS_DEPLOYMENT_TARGET = 18.0;
				MARKETING_VERSION = 1.0;
				PRODUCT_BUNDLE_IDENTIFIER = pxa.NoBadWeatherTests;
				PRODUCT_NAME = "$(TARGET_NAME)";
				SWIFT_EMIT_LOC_STRINGS = NO;
				SWIFT_VERSION = 5.0;
				TARGETED_DEVICE_FAMILY = "1,2";
				TEST_HOST = "$(BUILT_PRODUCTS_DIR)/NoBadWeather.app/$(BUNDLE_EXECUTABLE_FOLDER_PATH)/NoBadWeather";
			};
			name = Debug;
		};
		E7E1F4B02CB7051200F5E3BB /* Release */ = {
			isa = XCBuildConfiguration;
			buildSettings = {
				BUNDLE_LOADER = "$(TEST_HOST)";
				CODE_SIGN_STYLE = Automatic;
				CURRENT_PROJECT_VERSION = 1;
				GENERATE_INFOPLIST_FILE = YES;
				IPHONEOS_DEPLOYMENT_TARGET = 18.0;
				MARKETING_VERSION = 1.0;
				PRODUCT_BUNDLE_IDENTIFIER = pxa.NoBadWeatherTests;
				PRODUCT_NAME = "$(TARGET_NAME)";
				SWIFT_EMIT_LOC_STRINGS = NO;
				SWIFT_VERSION = 5.0;
				TARGETED_DEVICE_FAMILY = "1,2";
				TEST_HOST = "$(BUILT_PRODUCTS_DIR)/NoBadWeather.app/$(BUNDLE_EXECUTABLE_FOLDER_PATH)/NoBadWeather";
			};
			name = Release;
		};
		E7E1F4B22CB7051200F5E3BB /* Debug */ = {
			isa = XCBuildConfiguration;
			buildSettings = {
				CODE_SIGN_STYLE = Automatic;
				CURRENT_PROJECT_VERSION = 1;
				GENERATE_INFOPLIST_FILE = YES;
				MARKETING_VERSION = 1.0;
				PRODUCT_BUNDLE_IDENTIFIER = pxa.NoBadWeatherUITests;
				PRODUCT_NAME = "$(TARGET_NAME)";
				SWIFT_EMIT_LOC_STRINGS = NO;
				SWIFT_VERSION = 5.0;
				TARGETED_DEVICE_FAMILY = "1,2";
				TEST_TARGET_NAME = NoBadWeather;
			};
			name = Debug;
		};
		E7E1F4B32CB7051200F5E3BB /* Release */ = {
			isa = XCBuildConfiguration;
			buildSettings = {
				CODE_SIGN_STYLE = Automatic;
				CURRENT_PROJECT_VERSION = 1;
				GENERATE_INFOPLIST_FILE = YES;
				MARKETING_VERSION = 1.0;
				PRODUCT_BUNDLE_IDENTIFIER = pxa.NoBadWeatherUITests;
				PRODUCT_NAME = "$(TARGET_NAME)";
				SWIFT_EMIT_LOC_STRINGS = NO;
				SWIFT_VERSION = 5.0;
				TARGETED_DEVICE_FAMILY = "1,2";
				TEST_TARGET_NAME = NoBadWeather;
			};
			name = Release;
		};
/* End XCBuildConfiguration section */

/* Begin XCConfigurationList section */
		E7A6D5402CC3AE1D00702EF5 /* Build configuration list for PBXNativeTarget "OutfitManagerTests" */ = {
			isa = XCConfigurationList;
			buildConfigurations = (
				E7A6D5412CC3AE1D00702EF5 /* Debug */,
				E7A6D5422CC3AE1D00702EF5 /* Release */,
			);
			defaultConfigurationIsVisible = 0;
			defaultConfigurationName = Release;
		};
		E7E1F4822CB7051000F5E3BB /* Build configuration list for PBXProject "NoBadWeather" */ = {
			isa = XCConfigurationList;
			buildConfigurations = (
				E7E1F4A92CB7051200F5E3BB /* Debug */,
				E7E1F4AA2CB7051200F5E3BB /* Release */,
			);
			defaultConfigurationIsVisible = 0;
			defaultConfigurationName = Release;
		};
		E7E1F4AB2CB7051200F5E3BB /* Build configuration list for PBXNativeTarget "NoBadWeather" */ = {
			isa = XCConfigurationList;
			buildConfigurations = (
				E7E1F4AC2CB7051200F5E3BB /* Debug */,
				E7E1F4AD2CB7051200F5E3BB /* Release */,
			);
			defaultConfigurationIsVisible = 0;
			defaultConfigurationName = Release;
		};
		E7E1F4AE2CB7051200F5E3BB /* Build configuration list for PBXNativeTarget "NoBadWeatherTests" */ = {
			isa = XCConfigurationList;
			buildConfigurations = (
				E7E1F4AF2CB7051200F5E3BB /* Debug */,
				E7E1F4B02CB7051200F5E3BB /* Release */,
			);
			defaultConfigurationIsVisible = 0;
			defaultConfigurationName = Release;
		};
		E7E1F4B12CB7051200F5E3BB /* Build configuration list for PBXNativeTarget "NoBadWeatherUITests" */ = {
			isa = XCConfigurationList;
			buildConfigurations = (
				E7E1F4B22CB7051200F5E3BB /* Debug */,
				E7E1F4B32CB7051200F5E3BB /* Release */,
			);
			defaultConfigurationIsVisible = 0;
			defaultConfigurationName = Release;
		};
/* End XCConfigurationList section */
	};
	rootObject = E7E1F47F2CB7051000F5E3BB /* Project object */;
}
